Microsoft Visual Studio Solution File, Format Version 12.00
# Visual Studio Version 17
VisualStudioVersion = 17.5.33627.172
MinimumVisualStudioVersion = 10.0.40219.1
Project("{9A19103F-16F7-4668-BE54-9A1E7A4F7556}") = "ZuneSocialTagger.Core", "src\ZuneSocialTagger.Core\ZuneSocialTagger.Core.csproj", "{C5F5D93F-50BC-4BE1-9594-5D3D3CB5BCE6}"
EndProject
Project("{FAE04EC0-301F-11D3-BF4B-00C04F79EFBC}") = "ZuneSocialTagger.GUI", "src\ZuneSocialTagger.GUI\ZuneSocialTagger.GUI.csproj", "{7F663811-0888-47E0-A1DC-0A067DAFA144}"
EndProject
Project("{FAE04EC0-301F-11D3-BF4B-00C04F79EFBC}") = "ZuneSocialTagger.Tests", "src\ZuneSocialTagger.Tests\ZuneSocialTagger.Tests.csproj", "{F1AC70D5-830C-414C-8E7E-35E3B53E5B1D}"
EndProject
Project("{FAE04EC0-301F-11D3-BF4B-00C04F79EFBC}") = "AutoTaggerCLI", "AutoTaggerCLI\AutoTaggerCLI.csproj", "{F4164469-1DD5-4492-A3A1-A8315B156133}"
EndProject
Global
	GlobalSection(SolutionConfigurationPlatforms) = preSolution
		Debug|x64 = Debug|x64
		Release|x64 = Release|x64
	EndGlobalSection
	GlobalSection(ProjectConfigurationPlatforms) = postSolution
		{C5F5D93F-50BC-4BE1-9594-5D3D3CB5BCE6}.Debug|x64.ActiveCfg = Debug|x64
		{C5F5D93F-50BC-4BE1-9594-5D3D3CB5BCE6}.Debug|x64.Build.0 = Debug|x64
		{C5F5D93F-50BC-4BE1-9594-5D3D3CB5BCE6}.Release|x64.ActiveCfg = Release|x64
		{C5F5D93F-50BC-4BE1-9594-5D3D3CB5BCE6}.Release|x64.Build.0 = Release|x64
		{7F663811-0888-47E0-A1DC-0A067DAFA144}.Debug|x64.ActiveCfg = Debug|x64
		{7F663811-0888-47E0-A1DC-0A067DAFA144}.Debug|x64.Build.0 = Debug|x64
		{7F663811-0888-47E0-A1DC-0A067DAFA144}.Release|x64.ActiveCfg = Release|x64
		{7F663811-0888-47E0-A1DC-0A067DAFA144}.Release|x64.Build.0 = Release|x64
		{F1AC70D5-830C-414C-8E7E-35E3B53E5B1D}.Debug|x64.ActiveCfg = Debug|x64
		{F1AC70D5-830C-414C-8E7E-35E3B53E5B1D}.Debug|x64.Build.0 = Debug|x64
		{F1AC70D5-830C-414C-8E7E-35E3B53E5B1D}.Release|x64.ActiveCfg = Release|x64
		{F1AC70D5-830C-414C-8E7E-35E3B53E5B1D}.Release|x64.Build.0 = Release|x64
		{F4164469-1DD5-4492-A3A1-A8315B156133}.Debug|x64.ActiveCfg = Debug|x64
		{F4164469-1DD5-4492-A3A1-A8315B156133}.Debug|x64.Build.0 = Debug|x64
		{F4164469-1DD5-4492-A3A1-A8315B156133}.Release|x64.ActiveCfg = Release|x64
		{F4164469-1DD5-4492-A3A1-A8315B156133}.Release|x64.Build.0 = Release|x64
	EndGlobalSection
	GlobalSection(SolutionProperties) = preSolution
		HideSolutionNode = FALSE
	EndGlobalSection
EndGlobal
